version = 1
revision = 2
requires-python = ">=3.11"

[[package]]
name = "multidict"
version = "6.6.3"
source = { registry = "https://pypi.org/simple" }
sdist = { url = "https://files.pythonhosted.org/packages/3d/2c/5dad12e82fbdf7470f29bff2171484bf07cb3b16ada60a6589af8f376440/multidict-6.6.3.tar.gz", hash = "sha256:798a9eb12dab0a6c2e29c1de6f3468af5cb2da6053a20dfa3344907eed0937cc", size = 101006, upload-time = "2025-06-30T15:53:46.929Z" }
wheels = [
    { url = "https://files.pythonhosted.org/packages/08/f0/1a39863ced51f639c81a5463fbfa9eb4df59c20d1a8769ab9ef4ca57ae04/multidict-6.6.3-cp311-cp311-macosx_10_9_universal2.whl", hash = "sha256:18f4eba0cbac3546b8ae31e0bbc55b02c801ae3cbaf80c247fcdd89b456ff58c", size = 76445, upload-time = "2025-06-30T15:51:24.01Z" },
    { url = "https://files.pythonhosted.org/packages/c9/0e/a7cfa451c7b0365cd844e90b41e21fab32edaa1e42fc0c9f68461ce44ed7/multidict-6.6.3-cp311-cp311-macosx_10_9_x86_64.whl", hash = "sha256:ef43b5dd842382329e4797c46f10748d8c2b6e0614f46b4afe4aee9ac33159df", size = 44610, upload-time = "2025-06-30T15:51:25.158Z" },
    { url = "https://files.pythonhosted.org/packages/c6/bb/a14a4efc5ee748cc1904b0748be278c31b9295ce5f4d2ef66526f410b94d/multidict-6.6.3-cp311-cp311-macosx_11_0_arm64.whl", hash = "sha256:bf9bd1fd5eec01494e0f2e8e446a74a85d5e49afb63d75a9934e4a5423dba21d", size = 44267, upload-time = "2025-06-30T15:51:26.326Z" },
    { url = "https://files.pythonhosted.org/packages/c2/f8/410677d563c2d55e063ef74fe578f9d53fe6b0a51649597a5861f83ffa15/multidict-6.6.3-cp311-cp311-manylinux1_i686.manylinux2014_i686.manylinux_2_17_i686.manylinux_2_5_i686.whl", hash = "sha256:5bd8d6f793a787153956cd35e24f60485bf0651c238e207b9a54f7458b16d539", size = 230004, upload-time = "2025-06-30T15:51:27.491Z" },
    { url = "https://files.pythonhosted.org/packages/fd/df/2b787f80059314a98e1ec6a4cc7576244986df3e56b3c755e6fc7c99e038/multidict-6.6.3-cp311-cp311-manylinux2014_aarch64.manylinux_2_17_aarch64.manylinux_2_28_aarch64.whl", hash = "sha256:1bf99b4daf908c73856bd87ee0a2499c3c9a3d19bb04b9c6025e66af3fd07462", size = 247196, upload-time = "2025-06-30T15:51:28.762Z" },
    { url = "https://files.pythonhosted.org/packages/05/f2/f9117089151b9a8ab39f9019620d10d9718eec2ac89e7ca9d30f3ec78e96/multidict-6.6.3-cp311-cp311-manylinux2014_armv7l.manylinux_2_17_armv7l.manylinux_2_31_armv7l.whl", hash = "sha256:0b9e59946b49dafaf990fd9c17ceafa62976e8471a14952163d10a7a630413a9", size = 225337, upload-time = "2025-06-30T15:51:30.025Z" },
    { url = "https://files.pythonhosted.org/packages/93/2d/7115300ec5b699faa152c56799b089a53ed69e399c3c2d528251f0aeda1a/multidict-6.6.3-cp311-cp311-manylinux2014_ppc64le.manylinux_2_17_ppc64le.manylinux_2_28_ppc64le.whl", hash = "sha256:e2db616467070d0533832d204c54eea6836a5e628f2cb1e6dfd8cd6ba7277cb7", size = 257079, upload-time = "2025-06-30T15:51:31.716Z" },
    { url = "https://files.pythonhosted.org/packages/15/ea/ff4bab367623e39c20d3b07637225c7688d79e4f3cc1f3b9f89867677f9a/multidict-6.6.3-cp311-cp311-manylinux2014_s390x.manylinux_2_17_s390x.manylinux_2_28_s390x.whl", hash = "sha256:7394888236621f61dcdd25189b2768ae5cc280f041029a5bcf1122ac63df79f9", size = 255461, upload-time = "2025-06-30T15:51:33.029Z" },
    { url = "https://files.pythonhosted.org/packages/74/07/2c9246cda322dfe08be85f1b8739646f2c4c5113a1422d7a407763422ec4/multidict-6.6.3-cp311-cp311-manylinux2014_x86_64.manylinux_2_17_x86_64.manylinux_2_28_x86_64.whl", hash = "sha256:f114d8478733ca7388e7c7e0ab34b72547476b97009d643644ac33d4d3fe1821", size = 246611, upload-time = "2025-06-30T15:51:34.47Z" },
    { url = "https://files.pythonhosted.org/packages/a8/62/279c13d584207d5697a752a66ffc9bb19355a95f7659140cb1b3cf82180e/multidict-6.6.3-cp311-cp311-musllinux_1_2_aarch64.whl", hash = "sha256:cdf22e4db76d323bcdc733514bf732e9fb349707c98d341d40ebcc6e9318ef3d", size = 243102, upload-time = "2025-06-30T15:51:36.525Z" },
    { url = "https://files.pythonhosted.org/packages/69/cc/e06636f48c6d51e724a8bc8d9e1db5f136fe1df066d7cafe37ef4000f86a/multidict-6.6.3-cp311-cp311-musllinux_1_2_armv7l.whl", hash = "sha256:e995a34c3d44ab511bfc11aa26869b9d66c2d8c799fa0e74b28a473a692532d6", size = 238693, upload-time = "2025-06-30T15:51:38.278Z" },
    { url = "https://files.pythonhosted.org/packages/89/a4/66c9d8fb9acf3b226cdd468ed009537ac65b520aebdc1703dd6908b19d33/multidict-6.6.3-cp311-cp311-musllinux_1_2_i686.whl", hash = "sha256:766a4a5996f54361d8d5a9050140aa5362fe48ce51c755a50c0bc3706460c430", size = 246582, upload-time = "2025-06-30T15:51:39.709Z" },
    { url = "https://files.pythonhosted.org/packages/cf/01/c69e0317be556e46257826d5449feb4e6aa0d18573e567a48a2c14156f1f/multidict-6.6.3-cp311-cp311-musllinux_1_2_ppc64le.whl", hash = "sha256:3893a0d7d28a7fe6ca7a1f760593bc13038d1d35daf52199d431b61d2660602b", size = 253355, upload-time = "2025-06-30T15:51:41.013Z" },
    { url = "https://files.pythonhosted.org/packages/c0/da/9cc1da0299762d20e626fe0042e71b5694f9f72d7d3f9678397cbaa71b2b/multidict-6.6.3-cp311-cp311-musllinux_1_2_s390x.whl", hash = "sha256:934796c81ea996e61914ba58064920d6cad5d99140ac3167901eb932150e2e56", size = 247774, upload-time = "2025-06-30T15:51:42.291Z" },
    { url = "https://files.pythonhosted.org/packages/e6/91/b22756afec99cc31105ddd4a52f95ab32b1a4a58f4d417979c570c4a922e/multidict-6.6.3-cp311-cp311-musllinux_1_2_x86_64.whl", hash = "sha256:9ed948328aec2072bc00f05d961ceadfd3e9bfc2966c1319aeaf7b7c21219183", size = 242275, upload-time = "2025-06-30T15:51:43.642Z" },
    { url = "https://files.pythonhosted.org/packages/be/f1/adcc185b878036a20399d5be5228f3cbe7f823d78985d101d425af35c800/multidict-6.6.3-cp311-cp311-win32.whl", hash = "sha256:9f5b28c074c76afc3e4c610c488e3493976fe0e596dd3db6c8ddfbb0134dcac5", size = 41290, upload-time = "2025-06-30T15:51:45.264Z" },
    { url = "https://files.pythonhosted.org/packages/e0/d4/27652c1c6526ea6b4f5ddd397e93f4232ff5de42bea71d339bc6a6cc497f/multidict-6.6.3-cp311-cp311-win_amd64.whl", hash = "sha256:bc7f6fbc61b1c16050a389c630da0b32fc6d4a3d191394ab78972bf5edc568c2", size = 45942, upload-time = "2025-06-30T15:51:46.377Z" },
    { url = "https://files.pythonhosted.org/packages/16/18/23f4932019804e56d3c2413e237f866444b774b0263bcb81df2fdecaf593/multidict-6.6.3-cp311-cp311-win_arm64.whl", hash = "sha256:d4e47d8faffaae822fb5cba20937c048d4f734f43572e7079298a6c39fb172cb", size = 42880, upload-time = "2025-06-30T15:51:47.561Z" },
    { url = "https://files.pythonhosted.org/packages/0e/a0/6b57988ea102da0623ea814160ed78d45a2645e4bbb499c2896d12833a70/multidict-6.6.3-cp312-cp312-macosx_10_13_universal2.whl", hash = "sha256:056bebbeda16b2e38642d75e9e5310c484b7c24e3841dc0fb943206a72ec89d6", size = 76514, upload-time = "2025-06-30T15:51:48.728Z" },
    { url = "https://files.pythonhosted.org/packages/07/7a/d1e92665b0850c6c0508f101f9cf0410c1afa24973e1115fe9c6a185ebf7/multidict-6.6.3-cp312-cp312-macosx_10_13_x86_64.whl", hash = "sha256:e5f481cccb3c5c5e5de5d00b5141dc589c1047e60d07e85bbd7dea3d4580d63f", size = 45394, upload-time = "2025-06-30T15:51:49.986Z" },
    { url = "https://files.pythonhosted.org/packages/52/6f/dd104490e01be6ef8bf9573705d8572f8c2d2c561f06e3826b081d9e6591/multidict-6.6.3-cp312-cp312-macosx_11_0_arm64.whl", hash = "sha256:10bea2ee839a759ee368b5a6e47787f399b41e70cf0c20d90dfaf4158dfb4e55", size = 43590, upload-time = "2025-06-30T15:51:51.331Z" },
    { url = "https://files.pythonhosted.org/packages/44/fe/06e0e01b1b0611e6581b7fd5a85b43dacc08b6cea3034f902f383b0873e5/multidict-6.6.3-cp312-cp312-manylinux1_i686.manylinux2014_i686.manylinux_2_17_i686.manylinux_2_5_i686.whl", hash = "sha256:2334cfb0fa9549d6ce2c21af2bfbcd3ac4ec3646b1b1581c88e3e2b1779ec92b", size = 237292, upload-time = "2025-06-30T15:51:52.584Z" },
    { url = "https://files.pythonhosted.org/packages/ce/71/4f0e558fb77696b89c233c1ee2d92f3e1d5459070a0e89153c9e9e804186/multidict-6.6.3-cp312-cp312-manylinux2014_aarch64.manylinux_2_17_aarch64.manylinux_2_28_aarch64.whl", hash = "sha256:b8fee016722550a2276ca2cb5bb624480e0ed2bd49125b2b73b7010b9090e888", size = 258385, upload-time = "2025-06-30T15:51:53.913Z" },
    { url = "https://files.pythonhosted.org/packages/e3/25/cca0e68228addad24903801ed1ab42e21307a1b4b6dd2cf63da5d3ae082a/multidict-6.6.3-cp312-cp312-manylinux2014_armv7l.manylinux_2_17_armv7l.manylinux_2_31_armv7l.whl", hash = "sha256:e5511cb35f5c50a2db21047c875eb42f308c5583edf96bd8ebf7d770a9d68f6d", size = 242328, upload-time = "2025-06-30T15:51:55.672Z" },
    { url = "https://files.pythonhosted.org/packages/6e/a3/46f2d420d86bbcb8fe660b26a10a219871a0fbf4d43cb846a4031533f3e0/multidict-6.6.3-cp312-cp312-manylinux2014_ppc64le.manylinux_2_17_ppc64le.manylinux_2_28_ppc64le.whl", hash = "sha256:712b348f7f449948e0a6c4564a21c7db965af900973a67db432d724619b3c680", size = 268057, upload-time = "2025-06-30T15:51:57.037Z" },
    { url = "https://files.pythonhosted.org/packages/9e/73/1c743542fe00794a2ec7466abd3f312ccb8fad8dff9f36d42e18fb1ec33e/multidict-6.6.3-cp312-cp312-manylinux2014_s390x.manylinux_2_17_s390x.manylinux_2_28_s390x.whl", hash = "sha256:e4e15d2138ee2694e038e33b7c3da70e6b0ad8868b9f8094a72e1414aeda9c1a", size = 269341, upload-time = "2025-06-30T15:51:59.111Z" },
    { url = "https://files.pythonhosted.org/packages/a4/11/6ec9dcbe2264b92778eeb85407d1df18812248bf3506a5a1754bc035db0c/multidict-6.6.3-cp312-cp312-manylinux2014_x86_64.manylinux_2_17_x86_64.manylinux_2_28_x86_64.whl", hash = "sha256:8df25594989aebff8a130f7899fa03cbfcc5d2b5f4a461cf2518236fe6f15961", size = 256081, upload-time = "2025-06-30T15:52:00.533Z" },
    { url = "https://files.pythonhosted.org/packages/9b/2b/631b1e2afeb5f1696846d747d36cda075bfdc0bc7245d6ba5c319278d6c4/multidict-6.6.3-cp312-cp312-musllinux_1_2_aarch64.whl", hash = "sha256:159ca68bfd284a8860f8d8112cf0521113bffd9c17568579e4d13d1f1dc76b65", size = 253581, upload-time = "2025-06-30T15:52:02.43Z" },
    { url = "https://files.pythonhosted.org/packages/bf/0e/7e3b93f79efeb6111d3bf9a1a69e555ba1d07ad1c11bceb56b7310d0d7ee/multidict-6.6.3-cp312-cp312-musllinux_1_2_armv7l.whl", hash = "sha256:e098c17856a8c9ade81b4810888c5ad1914099657226283cab3062c0540b0643", size = 250750, upload-time = "2025-06-30T15:52:04.26Z" },
    { url = "https://files.pythonhosted.org/packages/ad/9e/086846c1d6601948e7de556ee464a2d4c85e33883e749f46b9547d7b0704/multidict-6.6.3-cp312-cp312-musllinux_1_2_i686.whl", hash = "sha256:67c92ed673049dec52d7ed39f8cf9ebbadf5032c774058b4406d18c8f8fe7063", size = 251548, upload-time = "2025-06-30T15:52:06.002Z" },
    { url = "https://files.pythonhosted.org/packages/8c/7b/86ec260118e522f1a31550e87b23542294880c97cfbf6fb18cc67b044c66/multidict-6.6.3-cp312-cp312-musllinux_1_2_ppc64le.whl", hash = "sha256:bd0578596e3a835ef451784053cfd327d607fc39ea1a14812139339a18a0dbc3", size = 262718, upload-time = "2025-06-30T15:52:07.707Z" },
    { url = "https://files.pythonhosted.org/packages/8c/bd/22ce8f47abb0be04692c9fc4638508b8340987b18691aa7775d927b73f72/multidict-6.6.3-cp312-cp312-musllinux_1_2_s390x.whl", hash = "sha256:346055630a2df2115cd23ae271910b4cae40f4e336773550dca4889b12916e75", size = 259603, upload-time = "2025-06-30T15:52:09.58Z" },
    { url = "https://files.pythonhosted.org/packages/07/9c/91b7ac1691be95cd1f4a26e36a74b97cda6aa9820632d31aab4410f46ebd/multidict-6.6.3-cp312-cp312-musllinux_1_2_x86_64.whl", hash = "sha256:555ff55a359302b79de97e0468e9ee80637b0de1fce77721639f7cd9440b3a10", size = 251351, upload-time = "2025-06-30T15:52:10.947Z" },
    { url = "https://files.pythonhosted.org/packages/6f/5c/4d7adc739884f7a9fbe00d1eac8c034023ef8bad71f2ebe12823ca2e3649/multidict-6.6.3-cp312-cp312-win32.whl", hash = "sha256:73ab034fb8d58ff85c2bcbadc470efc3fafeea8affcf8722855fb94557f14cc5", size = 41860, upload-time = "2025-06-30T15:52:12.334Z" },
    { url = "https://files.pythonhosted.org/packages/6a/a3/0fbc7afdf7cb1aa12a086b02959307848eb6bcc8f66fcb66c0cb57e2a2c1/multidict-6.6.3-cp312-cp312-win_amd64.whl", hash = "sha256:04cbcce84f63b9af41bad04a54d4cc4e60e90c35b9e6ccb130be2d75b71f8c17", size = 45982, upload-time = "2025-06-30T15:52:13.6Z" },
    { url = "https://files.pythonhosted.org/packages/b8/95/8c825bd70ff9b02462dc18d1295dd08d3e9e4eb66856d292ffa62cfe1920/multidict-6.6.3-cp312-cp312-win_arm64.whl", hash = "sha256:0f1130b896ecb52d2a1e615260f3ea2af55fa7dc3d7c3003ba0c3121a759b18b", size = 43210, upload-time = "2025-06-30T15:52:14.893Z" },
    { url = "https://files.pythonhosted.org/packages/52/1d/0bebcbbb4f000751fbd09957257903d6e002943fc668d841a4cf2fb7f872/multidict-6.6.3-cp313-cp313-macosx_10_13_universal2.whl", hash = "sha256:540d3c06d48507357a7d57721e5094b4f7093399a0106c211f33540fdc374d55", size = 75843, upload-time = "2025-06-30T15:52:16.155Z" },
    { url = "https://files.pythonhosted.org/packages/07/8f/cbe241b0434cfe257f65c2b1bcf9e8d5fb52bc708c5061fb29b0fed22bdf/multidict-6.6.3-cp313-cp313-macosx_10_13_x86_64.whl", hash = "sha256:9c19cea2a690f04247d43f366d03e4eb110a0dc4cd1bbeee4d445435428ed35b", size = 45053, upload-time = "2025-06-30T15:52:17.429Z" },
    { url = "https://files.pythonhosted.org/packages/32/d2/0b3b23f9dbad5b270b22a3ac3ea73ed0a50ef2d9a390447061178ed6bdb8/multidict-6.6.3-cp313-cp313-macosx_11_0_arm64.whl", hash = "sha256:7af039820cfd00effec86bda5d8debef711a3e86a1d3772e85bea0f243a4bd65", size = 43273, upload-time = "2025-06-30T15:52:19.346Z" },
    { url = "https://files.pythonhosted.org/packages/fd/fe/6eb68927e823999e3683bc49678eb20374ba9615097d085298fd5b386564/multidict-6.6.3-cp313-cp313-manylinux1_i686.manylinux2014_i686.manylinux_2_17_i686.manylinux_2_5_i686.whl", hash = "sha256:500b84f51654fdc3944e936f2922114349bf8fdcac77c3092b03449f0e5bc2b3", size = 237124, upload-time = "2025-06-30T15:52:20.773Z" },
    { url = "https://files.pythonhosted.org/packages/e7/ab/320d8507e7726c460cb77117848b3834ea0d59e769f36fdae495f7669929/multidict-6.6.3-cp313-cp313-manylinux2014_aarch64.manylinux_2_17_aarch64.manylinux_2_28_aarch64.whl", hash = "sha256:f3fc723ab8a5c5ed6c50418e9bfcd8e6dceba6c271cee6728a10a4ed8561520c", size = 256892, upload-time = "2025-06-30T15:52:22.242Z" },
    { url = "https://files.pythonhosted.org/packages/76/60/38ee422db515ac69834e60142a1a69111ac96026e76e8e9aa347fd2e4591/multidict-6.6.3-cp313-cp313-manylinux2014_armv7l.manylinux_2_17_armv7l.manylinux_2_31_armv7l.whl", hash = "sha256:94c47ea3ade005b5976789baaed66d4de4480d0a0bf31cef6edaa41c1e7b56a6", size = 240547, upload-time = "2025-06-30T15:52:23.736Z" },
    { url = "https://files.pythonhosted.org/packages/27/fb/905224fde2dff042b030c27ad95a7ae744325cf54b890b443d30a789b80e/multidict-6.6.3-cp313-cp313-manylinux2014_ppc64le.manylinux_2_17_ppc64le.manylinux_2_28_ppc64le.whl", hash = "sha256:dbc7cf464cc6d67e83e136c9f55726da3a30176f020a36ead246eceed87f1cd8", size = 266223, upload-time = "2025-06-30T15:52:25.185Z" },
    { url = "https://files.pythonhosted.org/packages/76/35/dc38ab361051beae08d1a53965e3e1a418752fc5be4d3fb983c5582d8784/multidict-6.6.3-cp313-cp313-manylinux2014_s390x.manylinux_2_17_s390x.manylinux_2_28_s390x.whl", hash = "sha256:900eb9f9da25ada070f8ee4a23f884e0ee66fe4e1a38c3af644256a508ad81ca", size = 267262, upload-time = "2025-06-30T15:52:26.969Z" },
    { url = "https://files.pythonhosted.org/packages/1f/a3/0a485b7f36e422421b17e2bbb5a81c1af10eac1d4476f2ff92927c730479/multidict-6.6.3-cp313-cp313-manylinux2014_x86_64.manylinux_2_17_x86_64.manylinux_2_28_x86_64.whl", hash = "sha256:7c6df517cf177da5d47ab15407143a89cd1a23f8b335f3a28d57e8b0a3dbb884", size = 254345, upload-time = "2025-06-30T15:52:28.467Z" },
    { url = "https://files.pythonhosted.org/packages/b4/59/bcdd52c1dab7c0e0d75ff19cac751fbd5f850d1fc39172ce809a74aa9ea4/multidict-6.6.3-cp313-cp313-musllinux_1_2_aarch64.whl", hash = "sha256:4ef421045f13879e21c994b36e728d8e7d126c91a64b9185810ab51d474f27e7", size = 252248, upload-time = "2025-06-30T15:52:29.938Z" },
    { url = "https://files.pythonhosted.org/packages/bb/a4/2d96aaa6eae8067ce108d4acee6f45ced5728beda55c0f02ae1072c730d1/multidict-6.6.3-cp313-cp313-musllinux_1_2_armv7l.whl", hash = "sha256:6c1e61bb4f80895c081790b6b09fa49e13566df8fbff817da3f85b3a8192e36b", size = 250115, upload-time = "2025-06-30T15:52:31.416Z" },
    { url = "https://files.pythonhosted.org/packages/25/d2/ed9f847fa5c7d0677d4f02ea2c163d5e48573de3f57bacf5670e43a5ffaa/multidict-6.6.3-cp313-cp313-musllinux_1_2_i686.whl", hash = "sha256:e5e8523bb12d7623cd8300dbd91b9e439a46a028cd078ca695eb66ba31adee3c", size = 249649, upload-time = "2025-06-30T15:52:32.996Z" },
    { url = "https://files.pythonhosted.org/packages/1f/af/9155850372563fc550803d3f25373308aa70f59b52cff25854086ecb4a79/multidict-6.6.3-cp313-cp313-musllinux_1_2_ppc64le.whl", hash = "sha256:ef58340cc896219e4e653dade08fea5c55c6df41bcc68122e3be3e9d873d9a7b", size = 261203, upload-time = "2025-06-30T15:52:34.521Z" },
    { url = "https://files.pythonhosted.org/packages/36/2f/c6a728f699896252cf309769089568a33c6439626648843f78743660709d/multidict-6.6.3-cp313-cp313-musllinux_1_2_s390x.whl", hash = "sha256:fc9dc435ec8699e7b602b94fe0cd4703e69273a01cbc34409af29e7820f777f1", size = 258051, upload-time = "2025-06-30T15:52:35.999Z" },
    { url = "https://files.pythonhosted.org/packages/d0/60/689880776d6b18fa2b70f6cc74ff87dd6c6b9b47bd9cf74c16fecfaa6ad9/multidict-6.6.3-cp313-cp313-musllinux_1_2_x86_64.whl", hash = "sha256:9e864486ef4ab07db5e9cb997bad2b681514158d6954dd1958dfb163b83d53e6", size = 249601, upload-time = "2025-06-30T15:52:37.473Z" },
    { url = "https://files.pythonhosted.org/packages/75/5e/325b11f2222a549019cf2ef879c1f81f94a0d40ace3ef55cf529915ba6cc/multidict-6.6.3-cp313-cp313-win32.whl", hash = "sha256:5633a82fba8e841bc5c5c06b16e21529573cd654f67fd833650a215520a6210e", size = 41683, upload-time = "2025-06-30T15:52:38.927Z" },
    { url = "https://files.pythonhosted.org/packages/b1/ad/cf46e73f5d6e3c775cabd2a05976547f3f18b39bee06260369a42501f053/multidict-6.6.3-cp313-cp313-win_amd64.whl", hash = "sha256:e93089c1570a4ad54c3714a12c2cef549dc9d58e97bcded193d928649cab78e9", size = 45811, upload-time = "2025-06-30T15:52:40.207Z" },
    { url = "https://files.pythonhosted.org/packages/c5/c9/2e3fe950db28fb7c62e1a5f46e1e38759b072e2089209bc033c2798bb5ec/multidict-6.6.3-cp313-cp313-win_arm64.whl", hash = "sha256:c60b401f192e79caec61f166da9c924e9f8bc65548d4246842df91651e83d600", size = 43056, upload-time = "2025-06-30T15:52:41.575Z" },
    { url = "https://files.pythonhosted.org/packages/3a/58/aaf8114cf34966e084a8cc9517771288adb53465188843d5a19862cb6dc3/multidict-6.6.3-cp313-cp313t-macosx_10_13_universal2.whl", hash = "sha256:02fd8f32d403a6ff13864b0851f1f523d4c988051eea0471d4f1fd8010f11134", size = 82811, upload-time = "2025-06-30T15:52:43.281Z" },
    { url = "https://files.pythonhosted.org/packages/71/af/5402e7b58a1f5b987a07ad98f2501fdba2a4f4b4c30cf114e3ce8db64c87/multidict-6.6.3-cp313-cp313t-macosx_10_13_x86_64.whl", hash = "sha256:f3aa090106b1543f3f87b2041eef3c156c8da2aed90c63a2fbed62d875c49c37", size = 48304, upload-time = "2025-06-30T15:52:45.026Z" },
    { url = "https://files.pythonhosted.org/packages/39/65/ab3c8cafe21adb45b24a50266fd747147dec7847425bc2a0f6934b3ae9ce/multidict-6.6.3-cp313-cp313t-macosx_11_0_arm64.whl", hash = "sha256:e924fb978615a5e33ff644cc42e6aa241effcf4f3322c09d4f8cebde95aff5f8", size = 46775, upload-time = "2025-06-30T15:52:46.459Z" },
    { url = "https://files.pythonhosted.org/packages/49/ba/9fcc1b332f67cc0c0c8079e263bfab6660f87fe4e28a35921771ff3eea0d/multidict-6.6.3-cp313-cp313t-manylinux1_i686.manylinux2014_i686.manylinux_2_17_i686.manylinux_2_5_i686.whl", hash = "sha256:b9fe5a0e57c6dbd0e2ce81ca66272282c32cd11d31658ee9553849d91289e1c1", size = 229773, upload-time = "2025-06-30T15:52:47.88Z" },
    { url = "https://files.pythonhosted.org/packages/a4/14/0145a251f555f7c754ce2dcbcd012939bbd1f34f066fa5d28a50e722a054/multidict-6.6.3-cp313-cp313t-manylinux2014_aarch64.manylinux_2_17_aarch64.manylinux_2_28_aarch64.whl", hash = "sha256:b24576f208793ebae00280c59927c3b7c2a3b1655e443a25f753c4611bc1c373", size = 250083, upload-time = "2025-06-30T15:52:49.366Z" },
    { url = "https://files.pythonhosted.org/packages/9e/d4/d5c0bd2bbb173b586c249a151a26d2fb3ec7d53c96e42091c9fef4e1f10c/multidict-6.6.3-cp313-cp313t-manylinux2014_armv7l.manylinux_2_17_armv7l.manylinux_2_31_armv7l.whl", hash = "sha256:135631cb6c58eac37d7ac0df380294fecdc026b28837fa07c02e459c7fb9c54e", size = 228980, upload-time = "2025-06-30T15:52:50.903Z" },
    { url = "https://files.pythonhosted.org/packages/21/32/c9a2d8444a50ec48c4733ccc67254100c10e1c8ae8e40c7a2d2183b59b97/multidict-6.6.3-cp313-cp313t-manylinux2014_ppc64le.manylinux_2_17_ppc64le.manylinux_2_28_ppc64le.whl", hash = "sha256:274d416b0df887aef98f19f21578653982cfb8a05b4e187d4a17103322eeaf8f", size = 257776, upload-time = "2025-06-30T15:52:52.764Z" },
    { url = "https://files.pythonhosted.org/packages/68/d0/14fa1699f4ef629eae08ad6201c6b476098f5efb051b296f4c26be7a9fdf/multidict-6.6.3-cp313-cp313t-manylinux2014_s390x.manylinux_2_17_s390x.manylinux_2_28_s390x.whl", hash = "sha256:e252017a817fad7ce05cafbe5711ed40faeb580e63b16755a3a24e66fa1d87c0", size = 256882, upload-time = "2025-06-30T15:52:54.596Z" },
    { url = "https://files.pythonhosted.org/packages/da/88/84a27570fbe303c65607d517a5f147cd2fc046c2d1da02b84b17b9bdc2aa/multidict-6.6.3-cp313-cp313t-manylinux2014_x86_64.manylinux_2_17_x86_64.manylinux_2_28_x86_64.whl", hash = "sha256:2e4cc8d848cd4fe1cdee28c13ea79ab0ed37fc2e89dd77bac86a2e7959a8c3bc", size = 247816, upload-time = "2025-06-30T15:52:56.175Z" },
    { url = "https://files.pythonhosted.org/packages/1c/60/dca352a0c999ce96a5d8b8ee0b2b9f729dcad2e0b0c195f8286269a2074c/multidict-6.6.3-cp313-cp313t-musllinux_1_2_aarch64.whl", hash = "sha256:9e236a7094b9c4c1b7585f6b9cca34b9d833cf079f7e4c49e6a4a6ec9bfdc68f", size = 245341, upload-time = "2025-06-30T15:52:57.752Z" },
    { url = "https://files.pythonhosted.org/packages/50/ef/433fa3ed06028f03946f3993223dada70fb700f763f70c00079533c34578/multidict-6.6.3-cp313-cp313t-musllinux_1_2_armv7l.whl", hash = "sha256:e0cb0ab69915c55627c933f0b555a943d98ba71b4d1c57bc0d0a66e2567c7471", size = 235854, upload-time = "2025-06-30T15:52:59.74Z" },
    { url = "https://files.pythonhosted.org/packages/1b/1f/487612ab56fbe35715320905215a57fede20de7db40a261759690dc80471/multidict-6.6.3-cp313-cp313t-musllinux_1_2_i686.whl", hash = "sha256:81ef2f64593aba09c5212a3d0f8c906a0d38d710a011f2f42759704d4557d3f2", size = 243432, upload-time = "2025-06-30T15:53:01.602Z" },
    { url = "https://files.pythonhosted.org/packages/da/6f/ce8b79de16cd885c6f9052c96a3671373d00c59b3ee635ea93e6e81b8ccf/multidict-6.6.3-cp313-cp313t-musllinux_1_2_ppc64le.whl", hash = "sha256:b9cbc60010de3562545fa198bfc6d3825df430ea96d2cc509c39bd71e2e7d648", size = 252731, upload-time = "2025-06-30T15:53:03.517Z" },
    { url = "https://files.pythonhosted.org/packages/bb/fe/a2514a6aba78e5abefa1624ca85ae18f542d95ac5cde2e3815a9fbf369aa/multidict-6.6.3-cp313-cp313t-musllinux_1_2_s390x.whl", hash = "sha256:70d974eaaa37211390cd02ef93b7e938de564bbffa866f0b08d07e5e65da783d", size = 247086, upload-time = "2025-06-30T15:53:05.48Z" },
    { url = "https://files.pythonhosted.org/packages/8c/22/b788718d63bb3cce752d107a57c85fcd1a212c6c778628567c9713f9345a/multidict-6.6.3-cp313-cp313t-musllinux_1_2_x86_64.whl", hash = "sha256:3713303e4a6663c6d01d648a68f2848701001f3390a030edaaf3fc949c90bf7c", size = 243338, upload-time = "2025-06-30T15:53:07.522Z" },
    { url = "https://files.pythonhosted.org/packages/22/d6/fdb3d0670819f2228f3f7d9af613d5e652c15d170c83e5f1c94fbc55a25b/multidict-6.6.3-cp313-cp313t-win32.whl", hash = "sha256:639ecc9fe7cd73f2495f62c213e964843826f44505a3e5d82805aa85cac6f89e", size = 47812, upload-time = "2025-06-30T15:53:09.263Z" },
    { url = "https://files.pythonhosted.org/packages/b6/d6/a9d2c808f2c489ad199723197419207ecbfbc1776f6e155e1ecea9c883aa/multidict-6.6.3-cp313-cp313t-win_amd64.whl", hash = "sha256:9f97e181f344a0ef3881b573d31de8542cc0dbc559ec68c8f8b5ce2c2e91646d", size = 53011, upload-time = "2025-06-30T15:53:11.038Z" },
    { url = "https://files.pythonhosted.org/packages/f2/40/b68001cba8188dd267590a111f9661b6256debc327137667e832bf5d66e8/multidict-6.6.3-cp313-cp313t-win_arm64.whl", hash = "sha256:ce8b7693da41a3c4fde5871c738a81490cea5496c671d74374c8ab889e1834fb", size = 45254, upload-time = "2025-06-30T15:53:12.421Z" },
    { url = "https://files.pythonhosted.org/packages/d8/30/9aec301e9772b098c1f5c0ca0279237c9766d94b97802e9888010c64b0ed/multidict-6.6.3-py3-none-any.whl", hash = "sha256:8db10f29c7541fc5da4defd8cd697e1ca429db743fa716325f236079b96f775a", size = 12313, upload-time = "2025-06-30T15:53:45.437Z" },
]

[[package]]
name = "pyreqwest"
version = "0.1.0"
source = { editable = "." }
dependencies = [
    { name = "multidict" },
]

[package.metadata]
requires-dist = [{ name = "multidict", specifier = ">=6.6.3" }]
